
Microsoft Visual Studio Solution File, Format Version 12.00
# Visual Studio Version 17
VisualStudioVersion = 17.12.35506.116
MinimumVisualStudioVersion = 10.0.40219.1
Project("{FAE04EC0-301F-11D3-BF4B-00C04F79EFBC}") = "KC-SchoolManagement.API", "KC-SchoolManagement\KC-SchoolManagement.API.csproj", "{20A3467E-312C-41F6-A199-10CE853C934F}"
EndProject
Project("{2150E333-8FDC-42A3-9474-1A3956D46DE8}") = "API", "API", "{27E6BCA9-CEFF-44FD-BA9D-B9EA819C5C20}"
EndProject
Project("{FAE04EC0-301F-11D3-BF4B-00C04F79EFBC}") = "KC-SchoolManagement.Domain", "KC-SchoolManagement.Domain\KC-SchoolManagement.Domain.csproj", "{66BA9F8A-FA44-497B-BC19-1A6CA5E392CA}"
EndProject
Project("{FAE04EC0-301F-11D3-BF4B-00C04F79EFBC}") = "KC-SchoolManagement.Infrastructure", "KC-SchoolManagement.Infrastructure\KC-SchoolManagement.Infrastructure.csproj", "{01C97111-903A-44F7-B31C-37A90E4621CA}"
EndProject
Project("{2150E333-8FDC-42A3-9474-1A3956D46DE8}") = "Infrastructure", "Infrastructure", "{E551ABA8-3921-49A6-A878-A01102E8DF8A}"
EndProject
Project("{2150E333-8FDC-42A3-9474-1A3956D46DE8}") = "Core", "Core", "{B305FB40-F8DA-42E0-81C8-8F01106E39FE}"
EndProject
Project("{FAE04EC0-301F-11D3-BF4B-00C04F79EFBC}") = "KC-SchoolManagement.Persistence", "KC-SchoolManagement.Persistence\KC-SchoolManagement.Persistence.csproj", "{1A287F6B-CFF7-4F08-99C4-E5B0ED75F54B}"
EndProject
Global
	GlobalSection(SolutionConfigurationPlatforms) = preSolution
		Debug|Any CPU = Debug|Any CPU
		Release|Any CPU = Release|Any CPU
	EndGlobalSection
	GlobalSection(ProjectConfigurationPlatforms) = postSolution
		{20A3467E-312C-41F6-A199-10CE853C934F}.Debug|Any CPU.ActiveCfg = Debug|Any CPU
		{20A3467E-312C-41F6-A199-10CE853C934F}.Debug|Any CPU.Build.0 = Debug|Any CPU
		{20A3467E-312C-41F6-A199-10CE853C934F}.Release|Any CPU.ActiveCfg = Release|Any CPU
		{20A3467E-312C-41F6-A199-10CE853C934F}.Release|Any CPU.Build.0 = Release|Any CPU
		{66BA9F8A-FA44-497B-BC19-1A6CA5E392CA}.Debug|Any CPU.ActiveCfg = Debug|Any CPU
		{66BA9F8A-FA44-497B-BC19-1A6CA5E392CA}.Debug|Any CPU.Build.0 = Debug|Any CPU
		{66BA9F8A-FA44-497B-BC19-1A6CA5E392CA}.Release|Any CPU.ActiveCfg = Release|Any CPU
		{66BA9F8A-FA44-497B-BC19-1A6CA5E392CA}.Release|Any CPU.Build.0 = Release|Any CPU
		{01C97111-903A-44F7-B31C-37A90E4621CA}.Debug|Any CPU.ActiveCfg = Debug|Any CPU
		{01C97111-903A-44F7-B31C-37A90E4621CA}.Debug|Any CPU.Build.0 = Debug|Any CPU
		{01C97111-903A-44F7-B31C-37A90E4621CA}.Release|Any CPU.ActiveCfg = Release|Any CPU
		{01C97111-903A-44F7-B31C-37A90E4621CA}.Release|Any CPU.Build.0 = Release|Any CPU
		{1A287F6B-CFF7-4F08-99C4-E5B0ED75F54B}.Debug|Any CPU.ActiveCfg = Debug|Any CPU
		{1A287F6B-CFF7-4F08-99C4-E5B0ED75F54B}.Debug|Any CPU.Build.0 = Debug|Any CPU
		{1A287F6B-CFF7-4F08-99C4-E5B0ED75F54B}.Release|Any CPU.ActiveCfg = Release|Any CPU
		{1A287F6B-CFF7-4F08-99C4-E5B0ED75F54B}.Release|Any CPU.Build.0 = Release|Any CPU
	EndGlobalSection
	GlobalSection(SolutionProperties) = preSolution
		HideSolutionNode = FALSE
	EndGlobalSection
	GlobalSection(NestedProjects) = preSolution
		{20A3467E-312C-41F6-A199-10CE853C934F} = {27E6BCA9-CEFF-44FD-BA9D-B9EA819C5C20}
		{66BA9F8A-FA44-497B-BC19-1A6CA5E392CA} = {B305FB40-F8DA-42E0-81C8-8F01106E39FE}
		{01C97111-903A-44F7-B31C-37A90E4621CA} = {E551ABA8-3921-49A6-A878-A01102E8DF8A}
		{1A287F6B-CFF7-4F08-99C4-E5B0ED75F54B} = {E551ABA8-3921-49A6-A878-A01102E8DF8A}
	EndGlobalSection
EndGlobal
